
Microsoft Visual Studio Solution File, Format Version 12.00
# Visual Studio Version 16
VisualStudioVersion = 16.0.28803.202
MinimumVisualStudioVersion = 10.0.40219.1
Project("{FAE04EC0-301F-11D3-BF4B-00C04F79EFBC}") = "JobLogger", "JobLogger\JobLogger.csproj", "{A99156AC-7830-4222-8F1B-481E0900A0ED}"
EndProject
Project("{FAE04EC0-301F-11D3-BF4B-00C04F79EFBC}") = "JobLogger.Tests", "JobLogger.Tests\JobLogger.Tests.csproj", "{28E294A0-57CE-40AA-A67C-AF08BE0E85A4}"
EndProject
Global
	GlobalSection(SolutionConfigurationPlatforms) = preSolution
		Debug|Any CPU = Debug|Any CPU
		Release|Any CPU = Release|Any CPU
	EndGlobalSection
	GlobalSection(ProjectConfigurationPlatforms) = postSolution
		{A99156AC-7830-4222-8F1B-481E0900A0ED}.Debug|Any CPU.ActiveCfg = Debug|Any CPU
		{A99156AC-7830-4222-8F1B-481E0900A0ED}.Debug|Any CPU.Build.0 = Debug|Any CPU
		{A99156AC-7830-4222-8F1B-481E0900A0ED}.Release|Any CPU.ActiveCfg = Release|Any CPU
		{A99156AC-7830-4222-8F1B-481E0900A0ED}.Release|Any CPU.Build.0 = Release|Any CPU
		{28E294A0-57CE-40AA-A67C-AF08BE0E85A4}.Debug|Any CPU.ActiveCfg = Debug|Any CPU
		{28E294A0-57CE-40AA-A67C-AF08BE0E85A4}.Debug|Any CPU.Build.0 = Debug|Any CPU
		{28E294A0-57CE-40AA-A67C-AF08BE0E85A4}.Release|Any CPU.ActiveCfg = Release|Any CPU
		{28E294A0-57CE-40AA-A67C-AF08BE0E85A4}.Release|Any CPU.Build.0 = Release|Any CPU
	EndGlobalSection
	GlobalSection(SolutionProperties) = preSolution
		HideSolutionNode = FALSE
	EndGlobalSection
	GlobalSection(ExtensibilityGlobals) = postSolution
		SolutionGuid = {4E4B49F6-6AD2-4D80-9AEE-1077B01038DD}
	EndGlobalSection
EndGlobal
